// !$*UTF8*$!
{
	archiveVersion = 1;
	classes = {
	};
	objectVersion = 56;
	objects = {

/* Begin PBXBuildFile section */
		093A9C652B7656D30048A831 /* WorldModel.swift in Sources */ = {isa = PBXBuildFile; fileRef = 093A9C642B7656D30048A831 /* WorldModel.swift */; };
		093A9C672B76572D0048A831 /* WorldVM.swift in Sources */ = {isa = PBXBuildFile; fileRef = 093A9C662B76572D0048A831 /* WorldVM.swift */; };
		093A9C6B2B7658CE0048A831 /* MainViewWRD.swift in Sources */ = {isa = PBXBuildFile; fileRef = 093A9C6A2B7658CE0048A831 /* MainViewWRD.swift */; };
		093A9C6D2B766EF00048A831 /* ImageViewWRD.swift in Sources */ = {isa = PBXBuildFile; fileRef = 093A9C6C2B766EF00048A831 /* ImageViewWRD.swift */; };
		093A9C6F2B79644C0048A831 /* LibraryModel.swift in Sources */ = {isa = PBXBuildFile; fileRef = 093A9C6E2B79644C0048A831 /* LibraryModel.swift */; };
		093A9C712B7964AC0048A831 /* LibraryVM.swift in Sources */ = {isa = PBXBuildFile; fileRef = 093A9C702B7964AC0048A831 /* LibraryVM.swift */; };
		093A9C782B796BB70048A831 /* MainViewIMG.swift in Sources */ = {isa = PBXBuildFile; fileRef = 093A9C772B796BB70048A831 /* MainViewIMG.swift */; };
		09AD89382B7D2582006F6E65 /* SwiftUIMasonry in Frameworks */ = {isa = PBXBuildFile; productRef = 09AD89372B7D2582006F6E65 /* SwiftUIMasonry */; };
		09DF2AC02B70154B0051E21F /* DailyCosmosApp.swift in Sources */ = {isa = PBXBuildFile; fileRef = 09DF2ABF2B70154B0051E21F /* DailyCosmosApp.swift */; };
		09DF2AC22B70154B0051E21F /* ContentView.swift in Sources */ = {isa = PBXBuildFile; fileRef = 09DF2AC12B70154B0051E21F /* ContentView.swift */; };
		09DF2AC42B70154C0051E21F /* Assets.xcassets in Resources */ = {isa = PBXBuildFile; fileRef = 09DF2AC32B70154C0051E21F /* Assets.xcassets */; };
		09DF2AC72B70154C0051E21F /* Preview Assets.xcassets in Resources */ = {isa = PBXBuildFile; fileRef = 09DF2AC62B70154C0051E21F /* Preview Assets.xcassets */; };
		09DF2AD02B7017300051E21F /* Constant.swift in Sources */ = {isa = PBXBuildFile; fileRef = 09DF2ACF2B7017300051E21F /* Constant.swift */; };
		09DF2AD32B7017620051E21F /* BlankView.swift in Sources */ = {isa = PBXBuildFile; fileRef = 09DF2AD22B7017620051E21F /* BlankView.swift */; };
		09DF2AD52B701C5C0051E21F /* ImageViewAPD.swift in Sources */ = {isa = PBXBuildFile; fileRef = 09DF2AD42B701C5C0051E21F /* ImageViewAPD.swift */; };
		09DF2AD72B702F000051E21F /* MainViewAPD.swift in Sources */ = {isa = PBXBuildFile; fileRef = 09DF2AD62B702F000051E21F /* MainViewAPD.swift */; };
		09DF2AE22B7174620051E21F /* APODModel.swift in Sources */ = {isa = PBXBuildFile; fileRef = 09DF2AE12B7174620051E21F /* APODModel.swift */; };
		09DF2AE52B7174D40051E21F /* APODVM.swift in Sources */ = {isa = PBXBuildFile; fileRef = 09DF2AE42B7174D40051E21F /* APODVM.swift */; };
		09DF2AE72B7186A70051E21F /* CustomTabBar.swift in Sources */ = {isa = PBXBuildFile; fileRef = 09DF2AE62B7186A70051E21F /* CustomTabBar.swift */; };
/* End PBXBuildFile section */

/* Begin PBXFileReference section */
		093A9C642B7656D30048A831 /* WorldModel.swift */ = {isa = PBXFileReference; lastKnownFileType = sourcecode.swift; path = WorldModel.swift; sourceTree = "<group>"; };
		093A9C662B76572D0048A831 /* WorldVM.swift */ = {isa = PBXFileReference; lastKnownFileType = sourcecode.swift; path = WorldVM.swift; sourceTree = "<group>"; };
		093A9C6A2B7658CE0048A831 /* MainViewWRD.swift */ = {isa = PBXFileReference; lastKnownFileType = sourcecode.swift; path = MainViewWRD.swift; sourceTree = "<group>"; };
		093A9C6C2B766EF00048A831 /* ImageViewWRD.swift */ = {isa = PBXFileReference; lastKnownFileType = sourcecode.swift; path = ImageViewWRD.swift; sourceTree = "<group>"; };
		093A9C6E2B79644C0048A831 /* LibraryModel.swift */ = {isa = PBXFileReference; lastKnownFileType = sourcecode.swift; path = LibraryModel.swift; sourceTree = "<group>"; };
		093A9C702B7964AC0048A831 /* LibraryVM.swift */ = {isa = PBXFileReference; lastKnownFileType = sourcecode.swift; path = LibraryVM.swift; sourceTree = "<group>"; };
		093A9C772B796BB70048A831 /* MainViewIMG.swift */ = {isa = PBXFileReference; lastKnownFileType = sourcecode.swift; path = MainViewIMG.swift; sourceTree = "<group>"; };
		09DF2ABC2B70154B0051E21F /* DailyCosmos.app */ = {isa = PBXFileReference; explicitFileType = wrapper.application; includeInIndex = 0; path = DailyCosmos.app; sourceTree = BUILT_PRODUCTS_DIR; };
		09DF2ABF2B70154B0051E21F /* DailyCosmosApp.swift */ = {isa = PBXFileReference; lastKnownFileType = sourcecode.swift; path = DailyCosmosApp.swift; sourceTree = "<group>"; };
		09DF2AC12B70154B0051E21F /* ContentView.swift */ = {isa = PBXFileReference; lastKnownFileType = sourcecode.swift; path = ContentView.swift; sourceTree = "<group>"; };
		09DF2AC32B70154C0051E21F /* Assets.xcassets */ = {isa = PBXFileReference; lastKnownFileType = folder.assetcatalog; path = Assets.xcassets; sourceTree = "<group>"; };
		09DF2AC62B70154C0051E21F /* Preview Assets.xcassets */ = {isa = PBXFileReference; lastKnownFileType = folder.assetcatalog; path = "Preview Assets.xcassets"; sourceTree = "<group>"; };
		09DF2ACF2B7017300051E21F /* Constant.swift */ = {isa = PBXFileReference; lastKnownFileType = sourcecode.swift; path = Constant.swift; sourceTree = "<group>"; };
		09DF2AD12B7017400051E21F /* Info.plist */ = {isa = PBXFileReference; lastKnownFileType = text.plist; path = Info.plist; sourceTree = "<group>"; };
		09DF2AD22B7017620051E21F /* BlankView.swift */ = {isa = PBXFileReference; lastKnownFileType = sourcecode.swift; path = BlankView.swift; sourceTree = "<group>"; };
		09DF2AD42B701C5C0051E21F /* ImageViewAPD.swift */ = {isa = PBXFileReference; lastKnownFileType = sourcecode.swift; path = ImageViewAPD.swift; sourceTree = "<group>"; };
		09DF2AD62B702F000051E21F /* MainViewAPD.swift */ = {isa = PBXFileReference; lastKnownFileType = sourcecode.swift; path = MainViewAPD.swift; sourceTree = "<group>"; };
		09DF2AE12B7174620051E21F /* APODModel.swift */ = {isa = PBXFileReference; lastKnownFileType = sourcecode.swift; path = APODModel.swift; sourceTree = "<group>"; };
		09DF2AE42B7174D40051E21F /* APODVM.swift */ = {isa = PBXFileReference; lastKnownFileType = sourcecode.swift; path = APODVM.swift; sourceTree = "<group>"; };
		09DF2AE62B7186A70051E21F /* CustomTabBar.swift */ = {isa = PBXFileReference; lastKnownFileType = sourcecode.swift; path = CustomTabBar.swift; sourceTree = "<group>"; };
/* End PBXFileReference section */

/* Begin PBXFrameworksBuildPhase section */
		09DF2AB92B70154B0051E21F /* Frameworks */ = {
			isa = PBXFrameworksBuildPhase;
			buildActionMask = 2147483647;
			files = (
				09AD89382B7D2582006F6E65 /* SwiftUIMasonry in Frameworks */,
			);
			runOnlyForDeploymentPostprocessing = 0;
		};
/* End PBXFrameworksBuildPhase section */

/* Begin PBXGroup section */
		093A9C682B7658990048A831 /* APOD */ = {
			isa = PBXGroup;
			children = (
				09DF2AD22B7017620051E21F /* BlankView.swift */,
				09DF2AD42B701C5C0051E21F /* ImageViewAPD.swift */,
				09DF2AD62B702F000051E21F /* MainViewAPD.swift */,
			);
			path = APOD;
			sourceTree = "<group>";
		};
		093A9C692B7658AB0048A831 /* World */ = {
			isa = PBXGroup;
			children = (
				093A9C6A2B7658CE0048A831 /* MainViewWRD.swift */,
				093A9C6C2B766EF00048A831 /* ImageViewWRD.swift */,
			);
			path = World;
			sourceTree = "<group>";
		};
		093A9C742B796B680048A831 /* Image */ = {
			isa = PBXGroup;
			children = (
				093A9C772B796BB70048A831 /* MainViewIMG.swift */,
			);
			path = Image;
			sourceTree = "<group>";
		};
		09DF2AB32B70154B0051E21F = {
			isa = PBXGroup;
			children = (
				09DF2ABE2B70154B0051E21F /* DailyCosmos */,
				09DF2ABD2B70154B0051E21F /* Products */,
			);
			sourceTree = "<group>";
		};
		09DF2ABD2B70154B0051E21F /* Products */ = {
			isa = PBXGroup;
			children = (
				09DF2ABC2B70154B0051E21F /* DailyCosmos.app */,
			);
			name = Products;
			sourceTree = "<group>";
		};
		09DF2ABE2B70154B0051E21F /* DailyCosmos */ = {
			isa = PBXGroup;
			children = (
				09DF2AD12B7017400051E21F /* Info.plist */,
				09DF2ACD2B7016F80051E21F /* View */,
				09DF2ADA2B713D6E0051E21F /* Model */,
				09DF2AE32B7174A80051E21F /* ViewModel */,
				09DF2AC32B70154C0051E21F /* Assets.xcassets */,
				09DF2ABF2B70154B0051E21F /* DailyCosmosApp.swift */,
				09DF2ACE2B7016FD0051E21F /* Utility */,
				09DF2AC52B70154C0051E21F /* Preview Content */,
			);
			path = DailyCosmos;
			sourceTree = "<group>";
		};
		09DF2AC52B70154C0051E21F /* Preview Content */ = {
			isa = PBXGroup;
			children = (
				09DF2AC62B70154C0051E21F /* Preview Assets.xcassets */,
			);
			path = "Preview Content";
			sourceTree = "<group>";
		};
		09DF2ACD2B7016F80051E21F /* View */ = {
			isa = PBXGroup;
			children = (
				093A9C742B796B680048A831 /* Image */,
				093A9C692B7658AB0048A831 /* World */,
				093A9C682B7658990048A831 /* APOD */,
				09DF2AC12B70154B0051E21F /* ContentView.swift */,
				09DF2AE62B7186A70051E21F /* CustomTabBar.swift */,
			);
			path = View;
			sourceTree = "<group>";
		};
		09DF2ACE2B7016FD0051E21F /* Utility */ = {
			isa = PBXGroup;
			children = (
				09DF2ACF2B7017300051E21F /* Constant.swift */,
			);
			path = Utility;
			sourceTree = "<group>";
		};
		09DF2ADA2B713D6E0051E21F /* Model */ = {
			isa = PBXGroup;
			children = (
				09DF2AE12B7174620051E21F /* APODModel.swift */,
				093A9C642B7656D30048A831 /* WorldModel.swift */,
				093A9C6E2B79644C0048A831 /* LibraryModel.swift */,
			);
			path = Model;
			sourceTree = "<group>";
		};
		09DF2AE32B7174A80051E21F /* ViewModel */ = {
			isa = PBXGroup;
			children = (
				09DF2AE42B7174D40051E21F /* APODVM.swift */,
				093A9C662B76572D0048A831 /* WorldVM.swift */,
				093A9C702B7964AC0048A831 /* LibraryVM.swift */,
			);
			path = ViewModel;
			sourceTree = "<group>";
		};
/* End PBXGroup section */

/* Begin PBXNativeTarget section */
		09DF2ABB2B70154B0051E21F /* DailyCosmos */ = {
			isa = PBXNativeTarget;
			buildConfigurationList = 09DF2ACA2B70154C0051E21F /* Build configuration list for PBXNativeTarget "DailyCosmos" */;
			buildPhases = (
				09DF2AB82B70154B0051E21F /* Sources */,
				09DF2AB92B70154B0051E21F /* Frameworks */,
				09DF2ABA2B70154B0051E21F /* Resources */,
			);
			buildRules = (
			);
			dependencies = (
			);
			name = DailyCosmos;
			packageProductDependencies = (
				09AD89372B7D2582006F6E65 /* SwiftUIMasonry */,
			);
			productName = DailyCosmos;
			productReference = 09DF2ABC2B70154B0051E21F /* DailyCosmos.app */;
			productType = "com.apple.product-type.application";
		};
/* End PBXNativeTarget section */

/* Begin PBXProject section */
		09DF2AB42B70154B0051E21F /* Project object */ = {
			isa = PBXProject;
			attributes = {
				BuildIndependentTargetsInParallel = 1;
				LastSwiftUpdateCheck = 1510;
				LastUpgradeCheck = 1510;
				TargetAttributes = {
					09DF2ABB2B70154B0051E21F = {
						CreatedOnToolsVersion = 15.1;
					};
				};
			};
			buildConfigurationList = 09DF2AB72B70154B0051E21F /* Build configuration list for PBXProject "DailyCosmos" */;
			compatibilityVersion = "Xcode 14.0";
			developmentRegion = en;
			hasScannedForEncodings = 0;
			knownRegions = (
				en,
				Base,
			);
			mainGroup = 09DF2AB32B70154B0051E21F;
			packageReferences = (
				09AD89362B7D2582006F6E65 /* XCRemoteSwiftPackageReference "SwiftUIMasonry" */,
			);
			productRefGroup = 09DF2ABD2B70154B0051E21F /* Products */;
			projectDirPath = "";
			projectRoot = "";
			targets = (
				09DF2ABB2B70154B0051E21F /* DailyCosmos */,
			);
		};
/* End PBXProject section */

/* Begin PBXResourcesBuildPhase section */
		09DF2ABA2B70154B0051E21F /* Resources */ = {
			isa = PBXResourcesBuildPhase;
			buildActionMask = 2147483647;
			files = (
				09DF2AC72B70154C0051E21F /* Preview Assets.xcassets in Resources */,
				09DF2AC42B70154C0051E21F /* Assets.xcassets in Resources */,
			);
			runOnlyForDeploymentPostprocessing = 0;
		};
/* End PBXResourcesBuildPhase section */

/* Begin PBXSourcesBuildPhase section */
		09DF2AB82B70154B0051E21F /* Sources */ = {
			isa = PBXSourcesBuildPhase;
			buildActionMask = 2147483647;
			files = (
				09DF2AC22B70154B0051E21F /* ContentView.swift in Sources */,
				093A9C6F2B79644C0048A831 /* LibraryModel.swift in Sources */,
				09DF2AD32B7017620051E21F /* BlankView.swift in Sources */,
				093A9C672B76572D0048A831 /* WorldVM.swift in Sources */,
				09DF2AD52B701C5C0051E21F /* ImageViewAPD.swift in Sources */,
				09DF2AC02B70154B0051E21F /* DailyCosmosApp.swift in Sources */,
				093A9C6B2B7658CE0048A831 /* MainViewWRD.swift in Sources */,
				093A9C652B7656D30048A831 /* WorldModel.swift in Sources */,
				09DF2AE52B7174D40051E21F /* APODVM.swift in Sources */,
				093A9C782B796BB70048A831 /* MainViewIMG.swift in Sources */,
				093A9C712B7964AC0048A831 /* LibraryVM.swift in Sources */,
				09DF2AD02B7017300051E21F /* Constant.swift in Sources */,
				09DF2AE72B7186A70051E21F /* CustomTabBar.swift in Sources */,
				09DF2AE22B7174620051E21F /* APODModel.swift in Sources */,
				09DF2AD72B702F000051E21F /* MainViewAPD.swift in Sources */,
				093A9C6D2B766EF00048A831 /* ImageViewWRD.swift in Sources */,
			);
			runOnlyForDeploymentPostprocessing = 0;
		};
/* End PBXSourcesBuildPhase section */

/* Begin XCBuildConfiguration section */
		09DF2AC82B70154C0051E21F /* Debug */ = {
			isa = XCBuildConfiguration;
			buildSettings = {
				ALWAYS_SEARCH_USER_PATHS = NO;
				ASSETCATALOG_COMPILER_GENERATE_SWIFT_ASSET_SYMBOL_EXTENSIONS = YES;
				CLANG_ANALYZER_NONNULL = YES;
				CLANG_ANALYZER_NUMBER_OBJECT_CONVERSION = YES_AGGRESSIVE;
				CLANG_CXX_LANGUAGE_STANDARD = "gnu++20";
				CLANG_ENABLE_MODULES = YES;
				CLANG_ENABLE_OBJC_ARC = YES;
				CLANG_ENABLE_OBJC_WEAK = YES;
				CLANG_WARN_BLOCK_CAPTURE_AUTORELEASING = YES;
				CLANG_WARN_BOOL_CONVERSION = YES;
				CLANG_WARN_COMMA = YES;
				CLANG_WARN_CONSTANT_CONVERSION = YES;
				CLANG_WARN_DEPRECATED_OBJC_IMPLEMENTATIONS = YES;
				CLANG_WARN_DIRECT_OBJC_ISA_USAGE = YES_ERROR;
				CLANG_WARN_DOCUMENTATION_COMMENTS = YES;
				CLANG_WARN_EMPTY_BODY = YES;
				CLANG_WARN_ENUM_CONVERSION = YES;
				CLANG_WARN_INFINITE_RECURSION = YES;
				CLANG_WARN_INT_CONVERSION = YES;
				CLANG_WARN_NON_LITERAL_NULL_CONVERSION = YES;
				CLANG_WARN_OBJC_IMPLICIT_RETAIN_SELF = YES;
				CLANG_WARN_OBJC_LITERAL_CONVERSION = YES;
				CLANG_WARN_OBJC_ROOT_CLASS = YES_ERROR;
				CLANG_WARN_QUOTED_INCLUDE_IN_FRAMEWORK_HEADER = YES;
				CLANG_WARN_RANGE_LOOP_ANALYSIS = YES;
				CLANG_WARN_STRICT_PROTOTYPES = YES;
				CLANG_WARN_SUSPICIOUS_MOVE = YES;
				CLANG_WARN_UNGUARDED_AVAILABILITY = YES_AGGRESSIVE;
				CLANG_WARN_UNREACHABLE_CODE = YES;
				CLANG_WARN__DUPLICATE_METHOD_MATCH = YES;
				COPY_PHASE_STRIP = NO;
				DEBUG_INFORMATION_FORMAT = dwarf;
				ENABLE_STRICT_OBJC_MSGSEND = YES;
				ENABLE_TESTABILITY = YES;
				ENABLE_USER_SCRIPT_SANDBOXING = YES;
				GCC_C_LANGUAGE_STANDARD = gnu17;
				GCC_DYNAMIC_NO_PIC = NO;
				GCC_NO_COMMON_BLOCKS = YES;
				GCC_OPTIMIZATION_LEVEL = 0;
				GCC_PREPROCESSOR_DEFINITIONS = (
					"DEBUG=1",
					"$(inherited)",
				);
				GCC_WARN_64_TO_32_BIT_CONVERSION = YES;
				GCC_WARN_ABOUT_RETURN_TYPE = YES_ERROR;
				GCC_WARN_UNDECLARED_SELECTOR = YES;
				GCC_WARN_UNINITIALIZED_AUTOS = YES_AGGRESSIVE;
				GCC_WARN_UNUSED_FUNCTION = YES;
				GCC_WARN_UNUSED_VARIABLE = YES;
				IPHONEOS_DEPLOYMENT_TARGET = 17.2;
				LOCALIZATION_PREFERS_STRING_CATALOGS = YES;
				MTL_ENABLE_DEBUG_INFO = INCLUDE_SOURCE;
				MTL_FAST_MATH = YES;
				ONLY_ACTIVE_ARCH = YES;
				SDKROOT = iphoneos;
				SWIFT_ACTIVE_COMPILATION_CONDITIONS = "DEBUG $(inherited)";
				SWIFT_OPTIMIZATION_LEVEL = "-Onone";
			};
			name = Debug;
		};
		09DF2AC92B70154C0051E21F /* Release */ = {
			isa = XCBuildConfiguration;
			buildSettings = {
				ALWAYS_SEARCH_USER_PATHS = NO;
				ASSETCATALOG_COMPILER_GENERATE_SWIFT_ASSET_SYMBOL_EXTENSIONS = YES;
				CLANG_ANALYZER_NONNULL = YES;
				CLANG_ANALYZER_NUMBER_OBJECT_CONVERSION = YES_AGGRESSIVE;
				CLANG_CXX_LANGUAGE_STANDARD = "gnu++20";
				CLANG_ENABLE_MODULES = YES;
				CLANG_ENABLE_OBJC_ARC = YES;
				CLANG_ENABLE_OBJC_WEAK = YES;
				CLANG_WARN_BLOCK_CAPTURE_AUTORELEASING = YES;
				CLANG_WARN_BOOL_CONVERSION = YES;
				CLANG_WARN_COMMA = YES;
				CLANG_WARN_CONSTANT_CONVERSION = YES;
				CLANG_WARN_DEPRECATED_OBJC_IMPLEMENTATIONS = YES;
				CLANG_WARN_DIRECT_OBJC_ISA_USAGE = YES_ERROR;
				CLANG_WARN_DOCUMENTATION_COMMENTS = YES;
				CLANG_WARN_EMPTY_BODY = YES;
				CLANG_WARN_ENUM_CONVERSION = YES;
				CLANG_WARN_INFINITE_RECURSION = YES;
				CLANG_WARN_INT_CONVERSION = YES;
				CLANG_WARN_NON_LITERAL_NULL_CONVERSION = YES;
				CLANG_WARN_OBJC_IMPLICIT_RETAIN_SELF = YES;
				CLANG_WARN_OBJC_LITERAL_CONVERSION = YES;
				CLANG_WARN_OBJC_ROOT_CLASS = YES_ERROR;
				CLANG_WARN_QUOTED_INCLUDE_IN_FRAMEWORK_HEADER = YES;
				CLANG_WARN_RANGE_LOOP_ANALYSIS = YES;
				CLANG_WARN_STRICT_PROTOTYPES = YES;
				CLANG_WARN_SUSPICIOUS_MOVE = YES;
				CLANG_WARN_UNGUARDED_AVAILABILITY = YES_AGGRESSIVE;
				CLANG_WARN_UNREACHABLE_CODE = YES;
				CLANG_WARN__DUPLICATE_METHOD_MATCH = YES;
				COPY_PHASE_STRIP = NO;
				DEBUG_INFORMATION_FORMAT = "dwarf-with-dsym";
				ENABLE_NS_ASSERTIONS = NO;
				ENABLE_STRICT_OBJC_MSGSEND = YES;
				ENABLE_USER_SCRIPT_SANDBOXING = YES;
				GCC_C_LANGUAGE_STANDARD = gnu17;
				GCC_NO_COMMON_BLOCKS = YES;
				GCC_WARN_64_TO_32_BIT_CONVERSION = YES;
				GCC_WARN_ABOUT_RETURN_TYPE = YES_ERROR;
				GCC_WARN_UNDECLARED_SELECTOR = YES;
				GCC_WARN_UNINITIALIZED_AUTOS = YES_AGGRESSIVE;
				GCC_WARN_UNUSED_FUNCTION = YES;
				GCC_WARN_UNUSED_VARIABLE = YES;
				IPHONEOS_DEPLOYMENT_TARGET = 17.2;
				LOCALIZATION_PREFERS_STRING_CATALOGS = YES;
				MTL_ENABLE_DEBUG_INFO = NO;
				MTL_FAST_MATH = YES;
				SDKROOT = iphoneos;
				SWIFT_COMPILATION_MODE = wholemodule;
				VALIDATE_PRODUCT = YES;
			};
			name = Release;
		};
		09DF2ACB2B70154C0051E21F /* Debug */ = {
			isa = XCBuildConfiguration;
			buildSettings = {
				ASSETCATALOG_COMPILER_APPICON_NAME = AppIcon;
				ASSETCATALOG_COMPILER_GLOBAL_ACCENT_COLOR_NAME = AccentColor;
				CODE_SIGN_STYLE = Automatic;
				CURRENT_PROJECT_VERSION = 1;
				DEVELOPMENT_ASSET_PATHS = "\"DailyCosmos/Preview Content\"";
				DEVELOPMENT_TEAM = D459R6RZK9;
				ENABLE_PREVIEWS = YES;
				GENERATE_INFOPLIST_FILE = YES;
				INFOPLIST_FILE = DailyCosmos/Info.plist;
				INFOPLIST_KEY_UIApplicationSceneManifest_Generation = YES;
				INFOPLIST_KEY_UIApplicationSupportsIndirectInputEvents = YES;
				INFOPLIST_KEY_UISupportedInterfaceOrientations_iPad = "UIInterfaceOrientationPortrait UIInterfaceOrientationPortraitUpsideDown UIInterfaceOrientationLandscapeLeft UIInterfaceOrientationLandscapeRight";
				INFOPLIST_KEY_UISupportedInterfaceOrientations_iPhone = "UIInterfaceOrientationPortrait UIInterfaceOrientationLandscapeLeft UIInterfaceOrientationLandscapeRight";
				LD_RUNPATH_SEARCH_PATHS = (
					"$(inherited)",
					"@executable_path/Frameworks",
				);
				MARKETING_VERSION = 1.0;
				PRODUCT_BUNDLE_IDENTIFIER = com.boragundogu.DailyCosmos;
				PRODUCT_NAME = "$(TARGET_NAME)";
				SWIFT_EMIT_LOC_STRINGS = YES;
				SWIFT_VERSION = 5.0;
				TARGETED_DEVICE_FAMILY = "1,2";
			};
			name = Debug;
		};
		09DF2ACC2B70154C0051E21F /* Release */ = {
			isa = XCBuildConfiguration;
			buildSettings = {
				ASSETCATALOG_COMPILER_APPICON_NAME = AppIcon;
				ASSETCATALOG_COMPILER_GLOBAL_ACCENT_COLOR_NAME = AccentColor;
				CODE_SIGN_STYLE = Automatic;
				CURRENT_PROJECT_VERSION = 1;
				DEVELOPMENT_ASSET_PATHS = "\"DailyCosmos/Preview Content\"";
				DEVELOPMENT_TEAM = D459R6RZK9;
				ENABLE_PREVIEWS = YES;
				GENERATE_INFOPLIST_FILE = YES;
				INFOPLIST_FILE = DailyCosmos/Info.plist;
				INFOPLIST_KEY_UIApplicationSceneManifest_Generation = YES;
				INFOPLIST_KEY_UIApplicationSupportsIndirectInputEvents = YES;
				INFOPLIST_KEY_UISupportedInterfaceOrientations_iPad = "UIInterfaceOrientationPortrait UIInterfaceOrientationPortraitUpsideDown UIInterfaceOrientationLandscapeLeft UIInterfaceOrientationLandscapeRight";
				INFOPLIST_KEY_UISupportedInterfaceOrientations_iPhone = "UIInterfaceOrientationPortrait UIInterfaceOrientationLandscapeLeft UIInterfaceOrientationLandscapeRight";
				LD_RUNPATH_SEARCH_PATHS = (
					"$(inherited)",
					"@executable_path/Frameworks",
				);
				MARKETING_VERSION = 1.0;
				PRODUCT_BUNDLE_IDENTIFIER = com.boragundogu.DailyCosmos;
				PRODUCT_NAME = "$(TARGET_NAME)";
				SWIFT_EMIT_LOC_STRINGS = YES;
				SWIFT_VERSION = 5.0;
				TARGETED_DEVICE_FAMILY = "1,2";
			};
			name = Release;
		};
/* End XCBuildConfiguration section */

/* Begin XCConfigurationList section */
		09DF2AB72B70154B0051E21F /* Build configuration list for PBXProject "DailyCosmos" */ = {
			isa = XCConfigurationList;
			buildConfigurations = (
				09DF2AC82B70154C0051E21F /* Debug */,
				09DF2AC92B70154C0051E21F /* Release */,
			);
			defaultConfigurationIsVisible = 0;
			defaultConfigurationName = Release;
		};
		09DF2ACA2B70154C0051E21F /* Build configuration list for PBXNativeTarget "DailyCosmos" */ = {
			isa = XCConfigurationList;
			buildConfigurations = (
				09DF2ACB2B70154C0051E21F /* Debug */,
				09DF2ACC2B70154C0051E21F /* Release */,
			);
			defaultConfigurationIsVisible = 0;
			defaultConfigurationName = Release;
		};
/* End XCConfigurationList section */

/* Begin XCRemoteSwiftPackageReference section */
		09AD89362B7D2582006F6E65 /* XCRemoteSwiftPackageReference "SwiftUIMasonry" */ = {
			isa = XCRemoteSwiftPackageReference;
			repositoryURL = "https://github.com/ciaranrobrien/SwiftUIMasonry.git";
			requirement = {
				branch = main;
				kind = branch;
			};
		};
/* End XCRemoteSwiftPackageReference section */

/* Begin XCSwiftPackageProductDependency section */
		09AD89372B7D2582006F6E65 /* SwiftUIMasonry */ = {
			isa = XCSwiftPackageProductDependency;
			package = 09AD89362B7D2582006F6E65 /* XCRemoteSwiftPackageReference "SwiftUIMasonry" */;
			productName = SwiftUIMasonry;
		};
/* End XCSwiftPackageProductDependency section */
	};
	rootObject = 09DF2AB42B70154B0051E21F /* Project object */;
}
